
Microsoft Visual Studio Solution File, Format Version 11.00
# Visual Studio 2010
Project("{FAE04EC0-301F-11D3-BF4B-00C04F79EFBC}") = "Don't give up!", "Assembly-CSharp.csproj", "{2DA316F7-F7A5-97D0-70F2-6FB2DEBDDF69}"
EndProject
Global
	GlobalSection(SolutionConfigurationPlatforms) = preSolution
		Debug|Any CPU = Debug|Any CPU
		Release|Any CPU = Release|Any CPU
	EndGlobalSection
	GlobalSection(ProjectConfigurationPlatforms) = postSolution
		{2DA316F7-F7A5-97D0-70F2-6FB2DEBDDF69}.Debug|Any CPU.ActiveCfg = Debug|Any CPU
		{2DA316F7-F7A5-97D0-70F2-6FB2DEBDDF69}.Debug|Any CPU.Build.0 = Debug|Any CPU
		{2DA316F7-F7A5-97D0-70F2-6FB2DEBDDF69}.Release|Any CPU.ActiveCfg = Release|Any CPU
		{2DA316F7-F7A5-97D0-70F2-6FB2DEBDDF69}.Release|Any CPU.Build.0 = Release|Any CPU
	EndGlobalSection
	GlobalSection(SolutionProperties) = preSolution
		HideSolutionNode = FALSE
	EndGlobalSection
	GlobalSection(MonoDevelopProperties) = preSolution
		StartupItem = Assembly-CSharp.csproj
	EndGlobalSection
EndGlobal
